
Microsoft Visual Studio Solution File, Format Version 12.00
# Visual Studio 15
VisualStudioVersion = 15.0.28010.2050
MinimumVisualStudioVersion = 10.0.40219.1
Project("{FAE04EC0-301F-11D3-BF4B-00C04F79EFBC}") = "GithubP.Android", "GithubP\GithubP.Android\GithubP.Android.csproj", "{417EDE68-A54B-42C3-8B18-EDE4E952E721}"
EndProject
Project("{FAE04EC0-301F-11D3-BF4B-00C04F79EFBC}") = "GithubP.iOS", "GithubP\GithubP.iOS\GithubP.iOS.csproj", "{5A5918C6-8B6E-4C18-9CE8-8EA488B825B4}"
EndProject
Project("{FAE04EC0-301F-11D3-BF4B-00C04F79EFBC}") = "GithubP", "GithubP\GithubP\GithubP.csproj", "{E7EE381C-173D-42AF-BE45-72A38BAD356F}"
EndProject
Global
	GlobalSection(SolutionConfigurationPlatforms) = preSolution
		Ad-Hoc|Any CPU = Ad-Hoc|Any CPU
		Ad-Hoc|iPhone = Ad-Hoc|iPhone
		Ad-Hoc|iPhoneSimulator = Ad-Hoc|iPhoneSimulator
		AppStore|Any CPU = AppStore|Any CPU
		AppStore|iPhone = AppStore|iPhone
		AppStore|iPhoneSimulator = AppStore|iPhoneSimulator
		Debug|Any CPU = Debug|Any CPU
		Debug|iPhone = Debug|iPhone
		Debug|iPhoneSimulator = Debug|iPhoneSimulator
		Release|Any CPU = Release|Any CPU
		Release|iPhone = Release|iPhone
		Release|iPhoneSimulator = Release|iPhoneSimulator
	EndGlobalSection
	GlobalSection(ProjectConfigurationPlatforms) = postSolution
		{417EDE68-A54B-42C3-8B18-EDE4E952E721}.Ad-Hoc|Any CPU.ActiveCfg = Release|Any CPU
		{417EDE68-A54B-42C3-8B18-EDE4E952E721}.Ad-Hoc|Any CPU.Build.0 = Release|Any CPU
		{417EDE68-A54B-42C3-8B18-EDE4E952E721}.Ad-Hoc|Any CPU.Deploy.0 = Release|Any CPU
		{417EDE68-A54B-42C3-8B18-EDE4E952E721}.Ad-Hoc|iPhone.ActiveCfg = Release|Any CPU
		{417EDE68-A54B-42C3-8B18-EDE4E952E721}.Ad-Hoc|iPhone.Build.0 = Release|Any CPU
		{417EDE68-A54B-42C3-8B18-EDE4E952E721}.Ad-Hoc|iPhone.Deploy.0 = Release|Any CPU
		{417EDE68-A54B-42C3-8B18-EDE4E952E721}.Ad-Hoc|iPhoneSimulator.ActiveCfg = Release|Any CPU
		{417EDE68-A54B-42C3-8B18-EDE4E952E721}.Ad-Hoc|iPhoneSimulator.Build.0 = Release|Any CPU
		{417EDE68-A54B-42C3-8B18-EDE4E952E721}.Ad-Hoc|iPhoneSimulator.Deploy.0 = Release|Any CPU
		{417EDE68-A54B-42C3-8B18-EDE4E952E721}.AppStore|Any CPU.ActiveCfg = Release|Any CPU
		{417EDE68-A54B-42C3-8B18-EDE4E952E721}.AppStore|Any CPU.Build.0 = Release|Any CPU
		{417EDE68-A54B-42C3-8B18-EDE4E952E721}.AppStore|Any CPU.Deploy.0 = Release|Any CPU
		{417EDE68-A54B-42C3-8B18-EDE4E952E721}.AppStore|iPhone.ActiveCfg = Release|Any CPU
		{417EDE68-A54B-42C3-8B18-EDE4E952E721}.AppStore|iPhone.Build.0 = Release|Any CPU
		{417EDE68-A54B-42C3-8B18-EDE4E952E721}.AppStore|iPhone.Deploy.0 = Release|Any CPU
		{417EDE68-A54B-42C3-8B18-EDE4E952E721}.AppStore|iPhoneSimulator.ActiveCfg = Release|Any CPU
		{417EDE68-A54B-42C3-8B18-EDE4E952E721}.AppStore|iPhoneSimulator.Build.0 = Release|Any CPU
		{417EDE68-A54B-42C3-8B18-EDE4E952E721}.AppStore|iPhoneSimulator.Deploy.0 = Release|Any CPU
		{417EDE68-A54B-42C3-8B18-EDE4E952E721}.Debug|Any CPU.ActiveCfg = Debug|Any CPU
		{417EDE68-A54B-42C3-8B18-EDE4E952E721}.Debug|Any CPU.Build.0 = Debug|Any CPU
		{417EDE68-A54B-42C3-8B18-EDE4E952E721}.Debug|Any CPU.Deploy.0 = Debug|Any CPU
		{417EDE68-A54B-42C3-8B18-EDE4E952E721}.Debug|iPhone.ActiveCfg = Debug|Any CPU
		{417EDE68-A54B-42C3-8B18-EDE4E952E721}.Debug|iPhone.Build.0 = Debug|Any CPU
		{417EDE68-A54B-42C3-8B18-EDE4E952E721}.Debug|iPhone.Deploy.0 = Debug|Any CPU
		{417EDE68-A54B-42C3-8B18-EDE4E952E721}.Debug|iPhoneSimulator.ActiveCfg = Debug|Any CPU
		{417EDE68-A54B-42C3-8B18-EDE4E952E721}.Debug|iPhoneSimulator.Build.0 = Debug|Any CPU
		{417EDE68-A54B-42C3-8B18-EDE4E952E721}.Debug|iPhoneSimulator.Deploy.0 = Debug|Any CPU
		{417EDE68-A54B-42C3-8B18-EDE4E952E721}.Release|Any CPU.ActiveCfg = Release|Any CPU
		{417EDE68-A54B-42C3-8B18-EDE4E952E721}.Release|Any CPU.Build.0 = Release|Any CPU
		{417EDE68-A54B-42C3-8B18-EDE4E952E721}.Release|Any CPU.Deploy.0 = Release|Any CPU
		{417EDE68-A54B-42C3-8B18-EDE4E952E721}.Release|iPhone.ActiveCfg = Release|Any CPU
		{417EDE68-A54B-42C3-8B18-EDE4E952E721}.Release|iPhone.Build.0 = Release|Any CPU
		{417EDE68-A54B-42C3-8B18-EDE4E952E721}.Release|iPhone.Deploy.0 = Release|Any CPU
		{417EDE68-A54B-42C3-8B18-EDE4E952E721}.Release|iPhoneSimulator.ActiveCfg = Release|Any CPU
		{417EDE68-A54B-42C3-8B18-EDE4E952E721}.Release|iPhoneSimulator.Build.0 = Release|Any CPU
		{417EDE68-A54B-42C3-8B18-EDE4E952E721}.Release|iPhoneSimulator.Deploy.0 = Release|Any CPU
		{5A5918C6-8B6E-4C18-9CE8-8EA488B825B4}.Ad-Hoc|Any CPU.ActiveCfg = Ad-Hoc|iPhone
		{5A5918C6-8B6E-4C18-9CE8-8EA488B825B4}.Ad-Hoc|Any CPU.Build.0 = Ad-Hoc|iPhone
		{5A5918C6-8B6E-4C18-9CE8-8EA488B825B4}.Ad-Hoc|Any CPU.Deploy.0 = Ad-Hoc|iPhone
		{5A5918C6-8B6E-4C18-9CE8-8EA488B825B4}.Ad-Hoc|iPhone.ActiveCfg = Ad-Hoc|iPhone
		{5A5918C6-8B6E-4C18-9CE8-8EA488B825B4}.Ad-Hoc|iPhone.Build.0 = Ad-Hoc|iPhone
		{5A5918C6-8B6E-4C18-9CE8-8EA488B825B4}.Ad-Hoc|iPhone.Deploy.0 = Ad-Hoc|iPhone
		{5A5918C6-8B6E-4C18-9CE8-8EA488B825B4}.Ad-Hoc|iPhoneSimulator.ActiveCfg = Ad-Hoc|iPhoneSimulator
		{5A5918C6-8B6E-4C18-9CE8-8EA488B825B4}.Ad-Hoc|iPhoneSimulator.Build.0 = Ad-Hoc|iPhoneSimulator
		{5A5918C6-8B6E-4C18-9CE8-8EA488B825B4}.Ad-Hoc|iPhoneSimulator.Deploy.0 = Ad-Hoc|iPhoneSimulator
		{5A5918C6-8B6E-4C18-9CE8-8EA488B825B4}.AppStore|Any CPU.ActiveCfg = AppStore|iPhone
		{5A5918C6-8B6E-4C18-9CE8-8EA488B825B4}.AppStore|Any CPU.Build.0 = AppStore|iPhone
		{5A5918C6-8B6E-4C18-9CE8-8EA488B825B4}.AppStore|Any CPU.Deploy.0 = AppStore|iPhone
		{5A5918C6-8B6E-4C18-9CE8-8EA488B825B4}.AppStore|iPhone.ActiveCfg = AppStore|iPhone
		{5A5918C6-8B6E-4C18-9CE8-8EA488B825B4}.AppStore|iPhone.Build.0 = AppStore|iPhone
		{5A5918C6-8B6E-4C18-9CE8-8EA488B825B4}.AppStore|iPhone.Deploy.0 = AppStore|iPhone
		{5A5918C6-8B6E-4C18-9CE8-8EA488B825B4}.AppStore|iPhoneSimulator.ActiveCfg = AppStore|iPhoneSimulator
		{5A5918C6-8B6E-4C18-9CE8-8EA488B825B4}.AppStore|iPhoneSimulator.Build.0 = AppStore|iPhoneSimulator
		{5A5918C6-8B6E-4C18-9CE8-8EA488B825B4}.AppStore|iPhoneSimulator.Deploy.0 = AppStore|iPhoneSimulator
		{5A5918C6-8B6E-4C18-9CE8-8EA488B825B4}.Debug|Any CPU.ActiveCfg = Debug|iPhoneSimulator
		{5A5918C6-8B6E-4C18-9CE8-8EA488B825B4}.Debug|Any CPU.Build.0 = Debug|iPhoneSimulator
		{5A5918C6-8B6E-4C18-9CE8-8EA488B825B4}.Debug|Any CPU.Deploy.0 = Debug|iPhoneSimulator
		{5A5918C6-8B6E-4C18-9CE8-8EA488B825B4}.Debug|iPhone.ActiveCfg = Debug|iPhone
		{5A5918C6-8B6E-4C18-9CE8-8EA488B825B4}.Debug|iPhone.Build.0 = Debug|iPhone
		{5A5918C6-8B6E-4C18-9CE8-8EA488B825B4}.Debug|iPhone.Deploy.0 = Debug|iPhone
		{5A5918C6-8B6E-4C18-9CE8-8EA488B825B4}.Debug|iPhoneSimulator.ActiveCfg = Debug|iPhoneSimulator
		{5A5918C6-8B6E-4C18-9CE8-8EA488B825B4}.Debug|iPhoneSimulator.Build.0 = Debug|iPhoneSimulator
		{5A5918C6-8B6E-4C18-9CE8-8EA488B825B4}.Debug|iPhoneSimulator.Deploy.0 = Debug|iPhoneSimulator
		{5A5918C6-8B6E-4C18-9CE8-8EA488B825B4}.Release|Any CPU.ActiveCfg = Release|iPhone
		{5A5918C6-8B6E-4C18-9CE8-8EA488B825B4}.Release|Any CPU.Build.0 = Release|iPhone
		{5A5918C6-8B6E-4C18-9CE8-8EA488B825B4}.Release|Any CPU.Deploy.0 = Release|iPhone
		{5A5918C6-8B6E-4C18-9CE8-8EA488B825B4}.Release|iPhone.ActiveCfg = Release|iPhone
		{5A5918C6-8B6E-4C18-9CE8-8EA488B825B4}.Release|iPhone.Build.0 = Release|iPhone
		{5A5918C6-8B6E-4C18-9CE8-8EA488B825B4}.Release|iPhone.Deploy.0 = Release|iPhone
		{5A5918C6-8B6E-4C18-9CE8-8EA488B825B4}.Release|iPhoneSimulator.ActiveCfg = Release|iPhoneSimulator
		{5A5918C6-8B6E-4C18-9CE8-8EA488B825B4}.Release|iPhoneSimulator.Build.0 = Release|iPhoneSimulator
		{5A5918C6-8B6E-4C18-9CE8-8EA488B825B4}.Release|iPhoneSimulator.Deploy.0 = Release|iPhoneSimulator
		{E7EE381C-173D-42AF-BE45-72A38BAD356F}.Ad-Hoc|Any CPU.ActiveCfg = Debug|Any CPU
		{E7EE381C-173D-42AF-BE45-72A38BAD356F}.Ad-Hoc|Any CPU.Build.0 = Debug|Any CPU
		{E7EE381C-173D-42AF-BE45-72A38BAD356F}.Ad-Hoc|Any CPU.Deploy.0 = Debug|Any CPU
		{E7EE381C-173D-42AF-BE45-72A38BAD356F}.Ad-Hoc|iPhone.ActiveCfg = Debug|Any CPU
		{E7EE381C-173D-42AF-BE45-72A38BAD356F}.Ad-Hoc|iPhone.Build.0 = Debug|Any CPU
		{E7EE381C-173D-42AF-BE45-72A38BAD356F}.Ad-Hoc|iPhone.Deploy.0 = Debug|Any CPU
		{E7EE381C-173D-42AF-BE45-72A38BAD356F}.Ad-Hoc|iPhoneSimulator.ActiveCfg = Debug|Any CPU
		{E7EE381C-173D-42AF-BE45-72A38BAD356F}.Ad-Hoc|iPhoneSimulator.Build.0 = Debug|Any CPU
		{E7EE381C-173D-42AF-BE45-72A38BAD356F}.Ad-Hoc|iPhoneSimulator.Deploy.0 = Debug|Any CPU
		{E7EE381C-173D-42AF-BE45-72A38BAD356F}.AppStore|Any CPU.ActiveCfg = Debug|Any CPU
		{E7EE381C-173D-42AF-BE45-72A38BAD356F}.AppStore|Any CPU.Build.0 = Debug|Any CPU
		{E7EE381C-173D-42AF-BE45-72A38BAD356F}.AppStore|Any CPU.Deploy.0 = Debug|Any CPU
		{E7EE381C-173D-42AF-BE45-72A38BAD356F}.AppStore|iPhone.ActiveCfg = Debug|Any CPU
		{E7EE381C-173D-42AF-BE45-72A38BAD356F}.AppStore|iPhone.Build.0 = Debug|Any CPU
		{E7EE381C-173D-42AF-BE45-72A38BAD356F}.AppStore|iPhone.Deploy.0 = Debug|Any CPU
		{E7EE381C-173D-42AF-BE45-72A38BAD356F}.AppStore|iPhoneSimulator.ActiveCfg = Debug|Any CPU
		{E7EE381C-173D-42AF-BE45-72A38BAD356F}.AppStore|iPhoneSimulator.Build.0 = Debug|Any CPU
		{E7EE381C-173D-42AF-BE45-72A38BAD356F}.AppStore|iPhoneSimulator.Deploy.0 = Debug|Any CPU
		{E7EE381C-173D-42AF-BE45-72A38BAD356F}.Debug|Any CPU.ActiveCfg = Debug|Any CPU
		{E7EE381C-173D-42AF-BE45-72A38BAD356F}.Debug|Any CPU.Build.0 = Debug|Any CPU
		{E7EE381C-173D-42AF-BE45-72A38BAD356F}.Debug|Any CPU.Deploy.0 = Debug|Any CPU
		{E7EE381C-173D-42AF-BE45-72A38BAD356F}.Debug|iPhone.ActiveCfg = Debug|Any CPU
		{E7EE381C-173D-42AF-BE45-72A38BAD356F}.Debug|iPhone.Build.0 = Debug|Any CPU
		{E7EE381C-173D-42AF-BE45-72A38BAD356F}.Debug|iPhone.Deploy.0 = Debug|Any CPU
		{E7EE381C-173D-42AF-BE45-72A38BAD356F}.Debug|iPhoneSimulator.ActiveCfg = Debug|Any CPU
		{E7EE381C-173D-42AF-BE45-72A38BAD356F}.Debug|iPhoneSimulator.Build.0 = Debug|Any CPU
		{E7EE381C-173D-42AF-BE45-72A38BAD356F}.Debug|iPhoneSimulator.Deploy.0 = Debug|Any CPU
		{E7EE381C-173D-42AF-BE45-72A38BAD356F}.Release|Any CPU.ActiveCfg = Release|Any CPU
		{E7EE381C-173D-42AF-BE45-72A38BAD356F}.Release|Any CPU.Build.0 = Release|Any CPU
		{E7EE381C-173D-42AF-BE45-72A38BAD356F}.Release|Any CPU.Deploy.0 = Release|Any CPU
		{E7EE381C-173D-42AF-BE45-72A38BAD356F}.Release|iPhone.ActiveCfg = Release|Any CPU
		{E7EE381C-173D-42AF-BE45-72A38BAD356F}.Release|iPhone.Build.0 = Release|Any CPU
		{E7EE381C-173D-42AF-BE45-72A38BAD356F}.Release|iPhone.Deploy.0 = Release|Any CPU
		{E7EE381C-173D-42AF-BE45-72A38BAD356F}.Release|iPhoneSimulator.ActiveCfg = Release|Any CPU
		{E7EE381C-173D-42AF-BE45-72A38BAD356F}.Release|iPhoneSimulator.Build.0 = Release|Any CPU
		{E7EE381C-173D-42AF-BE45-72A38BAD356F}.Release|iPhoneSimulator.Deploy.0 = Release|Any CPU
	EndGlobalSection
	GlobalSection(SolutionProperties) = preSolution
		HideSolutionNode = FALSE
	EndGlobalSection
	GlobalSection(ExtensibilityGlobals) = postSolution
		SolutionGuid = {B5B3426E-5DE3-40B9-BA15-5B2402653DA5}
	EndGlobalSection
EndGlobal
